
Microsoft Visual Studio Solution File, Format Version 12.00
# Visual Studio Version 17
VisualStudioVersion = 17.5.33627.172
MinimumVisualStudioVersion = 10.0.40219.1
Project("{FAE04EC0-301F-11D3-BF4B-00C04F79EFBC}") = "LK24", "LK24.csproj", "{801D3401-DEEA-4208-A7F2-1C86F1DB1842}"
EndProject
Global
	GlobalSection(SolutionConfigurationPlatforms) = preSolution
		Debug|Any CPU = Debug|Any CPU
		Release|Any CPU = Release|Any CPU
	EndGlobalSection
	GlobalSection(ProjectConfigurationPlatforms) = postSolution
		{801D3401-DEEA-4208-A7F2-1C86F1DB1842}.Debug|Any CPU.ActiveCfg = Debug|Any CPU
		{801D3401-DEEA-4208-A7F2-1C86F1DB1842}.Debug|Any CPU.Build.0 = Debug|Any CPU
		{801D3401-DEEA-4208-A7F2-1C86F1DB1842}.Release|Any CPU.ActiveCfg = Release|Any CPU
		{801D3401-DEEA-4208-A7F2-1C86F1DB1842}.Release|Any CPU.Build.0 = Release|Any CPU
	EndGlobalSection
	GlobalSection(SolutionProperties) = preSolution
		HideSolutionNode = FALSE
	EndGlobalSection
	GlobalSection(ExtensibilityGlobals) = postSolution
		SolutionGuid = {D477D407-1442-4854-B2AD-FC61E31B01F2}
	EndGlobalSection
EndGlobal
