
Microsoft Visual Studio Solution File, Format Version 12.00
# Visual Studio Version 17
VisualStudioVersion = 17.5.33627.172
MinimumVisualStudioVersion = 10.0.40219.1
Project("{FAE04EC0-301F-11D3-BF4B-00C04F79EFBC}") = "LK23", "LK23.csproj", "{2C99FFF5-314B-4EBC-9A05-98EADB3FA49C}"
EndProject
Global
	GlobalSection(SolutionConfigurationPlatforms) = preSolution
		Debug|Any CPU = Debug|Any CPU
		Release|Any CPU = Release|Any CPU
	EndGlobalSection
	GlobalSection(ProjectConfigurationPlatforms) = postSolution
		{2C99FFF5-314B-4EBC-9A05-98EADB3FA49C}.Debug|Any CPU.ActiveCfg = Debug|Any CPU
		{2C99FFF5-314B-4EBC-9A05-98EADB3FA49C}.Debug|Any CPU.Build.0 = Debug|Any CPU
		{2C99FFF5-314B-4EBC-9A05-98EADB3FA49C}.Release|Any CPU.ActiveCfg = Release|Any CPU
		{2C99FFF5-314B-4EBC-9A05-98EADB3FA49C}.Release|Any CPU.Build.0 = Release|Any CPU
	EndGlobalSection
	GlobalSection(SolutionProperties) = preSolution
		HideSolutionNode = FALSE
	EndGlobalSection
	GlobalSection(ExtensibilityGlobals) = postSolution
		SolutionGuid = {BC7D1ABB-53E5-4457-A1CA-018A5849D2D9}
	EndGlobalSection
EndGlobal
